
Microsoft Visual Studio Solution File, Format Version 10.00
# Visual Studio 2008
Project("{FAE04EC0-301F-11D3-BF4B-00C04F79EFBC}") = "AwManaged", "AwManaged\AwManaged.csproj", "{5A015714-4A31-4054-B251-F705353CA91D}"
EndProject
Project("{FAE04EC0-301F-11D3-BF4B-00C04F79EFBC}") = "AwManaged.Tests", "AwManaged.Tests\AwManaged.Tests.csproj", "{F5F71781-DA47-4C95-BCF0-18B524A23927}"
EndProject
Project("{2150E333-8FDC-42A3-9474-1A3956D46DE8}") = "Dependencies", "Dependencies", "{6196DA34-B6C3-45DE-9E66-EBF1A648D042}"
EndProject
Project("{2150E333-8FDC-42A3-9474-1A3956D46DE8}") = "activeworlds.com", "activeworlds.com", "{A4D46A01-0AD4-4FF9-BBE1-F7DA75E55296}"
	ProjectSection(SolutionItems) = preProject
		Dependencies\activeworlds.com\AW.Core.dll = Dependencies\activeworlds.com\AW.Core.dll
		Dependencies\activeworlds.com\aw.dll = Dependencies\activeworlds.com\aw.dll
		Dependencies\activeworlds.com\Aw.h = Dependencies\activeworlds.com\Aw.h
		Dependencies\activeworlds.com\aw.lib = Dependencies\activeworlds.com\aw.lib
		Dependencies\activeworlds.com\License.txt = Dependencies\activeworlds.com\License.txt
		Dependencies\activeworlds.com\Readme.txt = Dependencies\activeworlds.com\Readme.txt
	EndProjectSection
EndProject
Project("{2150E333-8FDC-42A3-9474-1A3956D46DE8}") = "nunit.org", "nunit.org", "{474BE9B9-245D-4136-A704-39F4DA8E759A}"
	ProjectSection(SolutionItems) = preProject
		Dependencies\NUnit.org\nunit.framework.dll = Dependencies\NUnit.org\nunit.framework.dll
	EndProjectSection
EndProject
Project("{2150E333-8FDC-42A3-9474-1A3956D46DE8}") = "Solution Items", "Solution Items", "{353DD003-2CBC-434A-BD61-B9C1C5F45426}"
	ProjectSection(SolutionItems) = preProject
		AssemblyInfo.Shared.cs = AssemblyInfo.Shared.cs
		ChangeLog.txt = ChangeLog.txt
	EndProjectSection
EndProject
Project("{FAE04EC0-301F-11D3-BF4B-00C04F79EFBC}") = "AwManagedIde", "AwManagedIde\AwManagedIde.csproj", "{FB1E54A3-BC22-4639-90FC-2FB00ECA9D6F}"
EndProject
Project("{2150E333-8FDC-42A3-9474-1A3956D46DE8}") = "dockpanel", "dockpanel", "{02341E0F-3BB7-4C41-9CAE-2AF5329BC5E3}"
	ProjectSection(SolutionItems) = preProject
		Dependencies\dockpanel\license.txt = Dependencies\dockpanel\license.txt
		Dependencies\dockpanel\WeifenLuo.WinFormsUI.Docking.dll = Dependencies\dockpanel\WeifenLuo.WinFormsUI.Docking.dll
	EndProjectSection
EndProject
Project("{2150E333-8FDC-42A3-9474-1A3956D46DE8}") = "ScriptControl", "ScriptControl", "{9F1876E7-0BFE-43D1-A97F-843E1C4AB1D8}"
	ProjectSection(SolutionItems) = preProject
		Dependencies\ScriptControl\CodeEditor.dll = Dependencies\ScriptControl\CodeEditor.dll
		Dependencies\ScriptControl\CodeEditor.pdb = Dependencies\ScriptControl\CodeEditor.pdb
		Dependencies\ScriptControl\ScriptControl.dll = Dependencies\ScriptControl\ScriptControl.dll
		Dependencies\ScriptControl\ScriptControl.pdb = Dependencies\ScriptControl\ScriptControl.pdb
		Dependencies\ScriptControl\ScriptEngine.dll = Dependencies\ScriptControl\ScriptEngine.dll
		Dependencies\ScriptControl\ScriptEngine.pdb = Dependencies\ScriptControl\ScriptEngine.pdb
		Dependencies\ScriptControl\ScriptRun.dll = Dependencies\ScriptControl\ScriptRun.dll
		Dependencies\ScriptControl\ScriptRun.pdb = Dependencies\ScriptControl\ScriptRun.pdb
		Dependencies\ScriptControl\SyntaxDocument.dll = Dependencies\ScriptControl\SyntaxDocument.dll
		Dependencies\ScriptControl\SyntaxDocument.pdb = Dependencies\ScriptControl\SyntaxDocument.pdb
		Dependencies\ScriptControl\SyntaxFiles.dll = Dependencies\ScriptControl\SyntaxFiles.dll
		Dependencies\ScriptControl\SyntaxFiles.pdb = Dependencies\ScriptControl\SyntaxFiles.pdb
	EndProjectSection
EndProject
Project("{2150E333-8FDC-42A3-9474-1A3956D46DE8}") = "db4o", "db4o", "{EA4B30D5-5B3C-40E5-B924-5CD464A18A02}"
	ProjectSection(SolutionItems) = preProject
		Dependencies\db4o\db4o.license.html = Dependencies\db4o\db4o.license.html
		Dependencies\db4o\Db4objects.Db4o.dll = Dependencies\db4o\Db4objects.Db4o.dll
		Dependencies\db4o\Db4objects.Db4o.Linq.dll = Dependencies\db4o\Db4objects.Db4o.Linq.dll
	EndProjectSection
EndProject
Project("{FAE04EC0-301F-11D3-BF4B-00C04F79EFBC}") = "AwManaged.RemotingTests", "AwManaged.RemotingTests\AwManaged.RemotingTests.csproj", "{9430E045-833C-4BB3-B6D5-058042DECB48}"
EndProject
Global
	GlobalSection(SolutionConfigurationPlatforms) = preSolution
		Debug|Any CPU = Debug|Any CPU
		Debug|x86 = Debug|x86
		Release|Any CPU = Release|Any CPU
		Release|x86 = Release|x86
	EndGlobalSection
	GlobalSection(ProjectConfigurationPlatforms) = postSolution
		{5A015714-4A31-4054-B251-F705353CA91D}.Debug|Any CPU.ActiveCfg = Debug|Any CPU
		{5A015714-4A31-4054-B251-F705353CA91D}.Debug|Any CPU.Build.0 = Debug|Any CPU
		{5A015714-4A31-4054-B251-F705353CA91D}.Debug|x86.ActiveCfg = Debug|x86
		{5A015714-4A31-4054-B251-F705353CA91D}.Debug|x86.Build.0 = Debug|x86
		{5A015714-4A31-4054-B251-F705353CA91D}.Release|Any CPU.ActiveCfg = Release|Any CPU
		{5A015714-4A31-4054-B251-F705353CA91D}.Release|Any CPU.Build.0 = Release|Any CPU
		{5A015714-4A31-4054-B251-F705353CA91D}.Release|x86.ActiveCfg = Release|x86
		{5A015714-4A31-4054-B251-F705353CA91D}.Release|x86.Build.0 = Release|x86
		{F5F71781-DA47-4C95-BCF0-18B524A23927}.Debug|Any CPU.ActiveCfg = Debug|Any CPU
		{F5F71781-DA47-4C95-BCF0-18B524A23927}.Debug|Any CPU.Build.0 = Debug|Any CPU
		{F5F71781-DA47-4C95-BCF0-18B524A23927}.Debug|x86.ActiveCfg = Debug|x86
		{F5F71781-DA47-4C95-BCF0-18B524A23927}.Debug|x86.Build.0 = Debug|x86
		{F5F71781-DA47-4C95-BCF0-18B524A23927}.Release|Any CPU.ActiveCfg = Release|Any CPU
		{F5F71781-DA47-4C95-BCF0-18B524A23927}.Release|Any CPU.Build.0 = Release|Any CPU
		{F5F71781-DA47-4C95-BCF0-18B524A23927}.Release|x86.ActiveCfg = Release|x86
		{F5F71781-DA47-4C95-BCF0-18B524A23927}.Release|x86.Build.0 = Release|x86
		{FB1E54A3-BC22-4639-90FC-2FB00ECA9D6F}.Debug|Any CPU.ActiveCfg = Debug|Any CPU
		{FB1E54A3-BC22-4639-90FC-2FB00ECA9D6F}.Debug|Any CPU.Build.0 = Debug|Any CPU
		{FB1E54A3-BC22-4639-90FC-2FB00ECA9D6F}.Debug|x86.ActiveCfg = Debug|x86
		{FB1E54A3-BC22-4639-90FC-2FB00ECA9D6F}.Debug|x86.Build.0 = Debug|x86
		{FB1E54A3-BC22-4639-90FC-2FB00ECA9D6F}.Release|Any CPU.ActiveCfg = Release|Any CPU
		{FB1E54A3-BC22-4639-90FC-2FB00ECA9D6F}.Release|Any CPU.Build.0 = Release|Any CPU
		{FB1E54A3-BC22-4639-90FC-2FB00ECA9D6F}.Release|x86.ActiveCfg = Release|x86
		{FB1E54A3-BC22-4639-90FC-2FB00ECA9D6F}.Release|x86.Build.0 = Release|x86
		{9430E045-833C-4BB3-B6D5-058042DECB48}.Debug|Any CPU.ActiveCfg = Debug|Any CPU
		{9430E045-833C-4BB3-B6D5-058042DECB48}.Debug|Any CPU.Build.0 = Debug|Any CPU
		{9430E045-833C-4BB3-B6D5-058042DECB48}.Debug|x86.ActiveCfg = Debug|x86
		{9430E045-833C-4BB3-B6D5-058042DECB48}.Debug|x86.Build.0 = Debug|x86
		{9430E045-833C-4BB3-B6D5-058042DECB48}.Release|Any CPU.ActiveCfg = Release|Any CPU
		{9430E045-833C-4BB3-B6D5-058042DECB48}.Release|Any CPU.Build.0 = Release|Any CPU
		{9430E045-833C-4BB3-B6D5-058042DECB48}.Release|x86.ActiveCfg = Release|Any CPU
	EndGlobalSection
	GlobalSection(SolutionProperties) = preSolution
		HideSolutionNode = FALSE
	EndGlobalSection
	GlobalSection(NestedProjects) = preSolution
		{A4D46A01-0AD4-4FF9-BBE1-F7DA75E55296} = {6196DA34-B6C3-45DE-9E66-EBF1A648D042}
		{474BE9B9-245D-4136-A704-39F4DA8E759A} = {6196DA34-B6C3-45DE-9E66-EBF1A648D042}
		{02341E0F-3BB7-4C41-9CAE-2AF5329BC5E3} = {6196DA34-B6C3-45DE-9E66-EBF1A648D042}
		{9F1876E7-0BFE-43D1-A97F-843E1C4AB1D8} = {6196DA34-B6C3-45DE-9E66-EBF1A648D042}
		{EA4B30D5-5B3C-40E5-B924-5CD464A18A02} = {6196DA34-B6C3-45DE-9E66-EBF1A648D042}
	EndGlobalSection
	GlobalSection(ExtensibilityGlobals) = postSolution
		VisualSVNWorkingCopyRoot = 
	EndGlobalSection
EndGlobal
